
Microsoft Visual Studio Solution File, Format Version 12.00
# Visual Studio Version 17
VisualStudioVersion = 17.8.34309.116
MinimumVisualStudioVersion = 10.0.40219.1
Project("{FAE04EC0-301F-11D3-BF4B-00C04F79EFBC}") = "DataCollectionWeb", "DataCollectionWeb\DataCollectionWeb.csproj", "{B6016F53-30F1-47A6-A287-2EF9417F5830}"
EndProject
Global
	GlobalSection(SolutionConfigurationPlatforms) = preSolution
		Debug|Any CPU = Debug|Any CPU
		Release|Any CPU = Release|Any CPU
	EndGlobalSection
	GlobalSection(ProjectConfigurationPlatforms) = postSolution
		{B6016F53-30F1-47A6-A287-2EF9417F5830}.Debug|Any CPU.ActiveCfg = Debug|Any CPU
		{B6016F53-30F1-47A6-A287-2EF9417F5830}.Debug|Any CPU.Build.0 = Debug|Any CPU
		{B6016F53-30F1-47A6-A287-2EF9417F5830}.Release|Any CPU.ActiveCfg = Release|Any CPU
		{B6016F53-30F1-47A6-A287-2EF9417F5830}.Release|Any CPU.Build.0 = Release|Any CPU
	EndGlobalSection
	GlobalSection(SolutionProperties) = preSolution
		HideSolutionNode = FALSE
	EndGlobalSection
	GlobalSection(ExtensibilityGlobals) = postSolution
		SolutionGuid = {BA0E51B9-DBAE-4AEA-A077-6B4472C2B34D}
	EndGlobalSection
EndGlobal
